<Solution>
  <Folder Name="/src/">
    <Project Path="src/Contracts/Contracts.csproj" />
  </Folder>
  <Folder Name="/src/BuildingBlocks/">
    <Project Path="src/BuildingBlocks/BuildingBlocks.Application/BuildingBlocks.Application.csproj" />
    <Project Path="src/BuildingBlocks/BuildingBlocks.Domain/BuildingBlocks.Domain.csproj" />
    <Project Path="src/BuildingBlocks/BuildingBlocks.Infrastructure/BuildingBlocks.Infrastructure.csproj" />
  </Folder>
  <Folder Name="/src/services/" />
  <Folder Name="/src/services/AuthService/">
    <Project Path="src/services/AuthService/AuthService.Api/AuthService.Api.csproj" />
    <Project Path="src/services/AuthService/AuthService.Application/AuthService.Application.csproj" />
    <Project Path="src/services/AuthService/AuthService.Domain/AuthService.Domain.csproj" />
    <Project Path="src/services/AuthService/AuthService.Infrastructure/AuthService.Infrastructure.csproj" />
  </Folder>
  <Folder Name="/tests/">
    <Project Path="tests/AuthService.IntegrationTests/AuthService.IntegrationTests.csproj" />
    <Project Path="tests/AuthService.UnitTests/AuthService.UnitTests.csproj" />
    <Project Path="tests/BuildingBlocks.IntegrationTests/BuildingBlocks.IntegrationTests.csproj" />
    <Project Path="tests/BuildingBlocks.UnitTests/BuildingBlocks.UnitTests.csproj" />
    <Project Path="tests/TestSupport/TestSupport.csproj" />
  </Folder>
</Solution>
